// !$*UTF8*$!
{
	archiveVersion = 1;
	classes = {
	};
	objectVersion = 56;
	objects = {

/* Begin PBXBuildFile section */
		3A42D8C429AD9E1E008AFBCE /* main.swift in Sources */ = {isa = PBXBuildFile; fileRef = 3A42D8C329AD9E1E008AFBCE /* main.swift */; };
		3AA27C9629DF5F0400AE3463 /* Cafeteria.swift in Sources */ = {isa = PBXBuildFile; fileRef = 3AA27C9529DF5F0400AE3463 /* Cafeteria.swift */; };
		3AA27C9829DF5F3300AE3463 /* ShoppingCart.swift in Sources */ = {isa = PBXBuildFile; fileRef = 3AA27C9729DF5F3300AE3463 /* ShoppingCart.swift */; };
		3AA27C9A29DF5F5E00AE3463 /* CartItem.swift in Sources */ = {isa = PBXBuildFile; fileRef = 3AA27C9929DF5F5E00AE3463 /* CartItem.swift */; };
		3AA27C9C29DF5F7700AE3463 /* Order.swift in Sources */ = {isa = PBXBuildFile; fileRef = 3AA27C9B29DF5F7700AE3463 /* Order.swift */; };
/* End PBXBuildFile section */

/* Begin PBXCopyFilesBuildPhase section */
		3A42D8BE29AD9E1E008AFBCE /* CopyFiles */ = {
			isa = PBXCopyFilesBuildPhase;
			buildActionMask = 2147483647;
			dstPath = /usr/share/man/man1/;
			dstSubfolderSpec = 0;
			files = (
			);
			runOnlyForDeploymentPostprocessing = 1;
		};
/* End PBXCopyFilesBuildPhase section */

/* Begin PBXFileReference section */
		3A42D8C029AD9E1E008AFBCE /* 0706012110031-Nuzulul Salsabila-AFL 1 */ = {isa = PBXFileReference; explicitFileType = "compiled.mach-o.executable"; includeInIndex = 0; path = "0706012110031-Nuzulul Salsabila-AFL 1"; sourceTree = BUILT_PRODUCTS_DIR; };
		3A42D8C329AD9E1E008AFBCE /* main.swift */ = {isa = PBXFileReference; lastKnownFileType = sourcecode.swift; path = main.swift; sourceTree = "<group>"; };
		3AA27C9529DF5F0400AE3463 /* Cafeteria.swift */ = {isa = PBXFileReference; lastKnownFileType = sourcecode.swift; path = Cafeteria.swift; sourceTree = "<group>"; };
		3AA27C9729DF5F3300AE3463 /* ShoppingCart.swift */ = {isa = PBXFileReference; lastKnownFileType = sourcecode.swift; path = ShoppingCart.swift; sourceTree = "<group>"; };
		3AA27C9929DF5F5E00AE3463 /* CartItem.swift */ = {isa = PBXFileReference; lastKnownFileType = sourcecode.swift; path = CartItem.swift; sourceTree = "<group>"; };
		3AA27C9B29DF5F7700AE3463 /* Order.swift */ = {isa = PBXFileReference; lastKnownFileType = sourcecode.swift; path = Order.swift; sourceTree = "<group>"; };
/* End PBXFileReference section */

/* Begin PBXFrameworksBuildPhase section */
		3A42D8BD29AD9E1E008AFBCE /* Frameworks */ = {
			isa = PBXFrameworksBuildPhase;
			buildActionMask = 2147483647;
			files = (
			);
			runOnlyForDeploymentPostprocessing = 0;
		};
/* End PBXFrameworksBuildPhase section */

/* Begin PBXGroup section */
		3A42D8B729AD9E1E008AFBCE = {
			isa = PBXGroup;
			children = (
				3A42D8C229AD9E1E008AFBCE /* 0706012110031-Nuzulul Salsabila-AFL 1 */,
				3A42D8C129AD9E1E008AFBCE /* Products */,
			);
			sourceTree = "<group>";
		};
		3A42D8C129AD9E1E008AFBCE /* Products */ = {
			isa = PBXGroup;
			children = (
				3A42D8C029AD9E1E008AFBCE /* 0706012110031-Nuzulul Salsabila-AFL 1 */,
			);
			name = Products;
			sourceTree = "<group>";
		};
		3A42D8C229AD9E1E008AFBCE /* 0706012110031-Nuzulul Salsabila-AFL 1 */ = {
			isa = PBXGroup;
			children = (
				3A42D8C329AD9E1E008AFBCE /* main.swift */,
				3AA27C9529DF5F0400AE3463 /* Cafeteria.swift */,
				3AA27C9729DF5F3300AE3463 /* ShoppingCart.swift */,
				3AA27C9929DF5F5E00AE3463 /* CartItem.swift */,
				3AA27C9B29DF5F7700AE3463 /* Order.swift */,
			);
			path = "0706012110031-Nuzulul Salsabila-AFL 1";
			sourceTree = "<group>";
		};
/* End PBXGroup section */

/* Begin PBXNativeTarget section */
		3A42D8BF29AD9E1E008AFBCE /* 0706012110031-Nuzulul Salsabila-AFL 1 */ = {
			isa = PBXNativeTarget;
			buildConfigurationList = 3A42D8C729AD9E1E008AFBCE /* Build configuration list for PBXNativeTarget "0706012110031-Nuzulul Salsabila-AFL 1" */;
			buildPhases = (
				3A42D8BC29AD9E1E008AFBCE /* Sources */,
				3A42D8BD29AD9E1E008AFBCE /* Frameworks */,
				3A42D8BE29AD9E1E008AFBCE /* CopyFiles */,
			);
			buildRules = (
			);
			dependencies = (
			);
			name = "0706012110031-Nuzulul Salsabila-AFL 1";
			productName = "0706012110031-Nuzulul Salsabila-AFL 1";
			productReference = 3A42D8C029AD9E1E008AFBCE /* 0706012110031-Nuzulul Salsabila-AFL 1 */;
			productType = "com.apple.product-type.tool";
		};
/* End PBXNativeTarget section */

/* Begin PBXProject section */
		3A42D8B829AD9E1E008AFBCE /* Project object */ = {
			isa = PBXProject;
			attributes = {
				BuildIndependentTargetsInParallel = 1;
				LastSwiftUpdateCheck = 1420;
				LastUpgradeCheck = 1420;
				TargetAttributes = {
					3A42D8BF29AD9E1E008AFBCE = {
						CreatedOnToolsVersion = 14.2;
					};
				};
			};
			buildConfigurationList = 3A42D8BB29AD9E1E008AFBCE /* Build configuration list for PBXProject "0706012110031-Nuzulul Salsabila-AFL 1" */;
			compatibilityVersion = "Xcode 14.0";
			developmentRegion = en;
			hasScannedForEncodings = 0;
			knownRegions = (
				en,
				Base,
			);
			mainGroup = 3A42D8B729AD9E1E008AFBCE;
			productRefGroup = 3A42D8C129AD9E1E008AFBCE /* Products */;
			projectDirPath = "";
			projectRoot = "";
			targets = (
				3A42D8BF29AD9E1E008AFBCE /* 0706012110031-Nuzulul Salsabila-AFL 1 */,
			);
		};
/* End PBXProject section */

/* Begin PBXSourcesBuildPhase section */
		3A42D8BC29AD9E1E008AFBCE /* Sources */ = {
			isa = PBXSourcesBuildPhase;
			buildActionMask = 2147483647;
			files = (
				3AA27C9629DF5F0400AE3463 /* Cafeteria.swift in Sources */,
				3AA27C9829DF5F3300AE3463 /* ShoppingCart.swift in Sources */,
				3AA27C9C29DF5F7700AE3463 /* Order.swift in Sources */,
				3AA27C9A29DF5F5E00AE3463 /* CartItem.swift in Sources */,
				3A42D8C429AD9E1E008AFBCE /* main.swift in Sources */,
			);
			runOnlyForDeploymentPostprocessing = 0;
		};
/* End PBXSourcesBuildPhase section */

/* Begin XCBuildConfiguration section */
		3A42D8C529AD9E1E008AFBCE /* Debug */ = {
			isa = XCBuildConfiguration;
			buildSettings = {
				ALWAYS_SEARCH_USER_PATHS = NO;
				CLANG_ANALYZER_NONNULL = YES;
				CLANG_ANALYZER_NUMBER_OBJECT_CONVERSION = YES_AGGRESSIVE;
				CLANG_CXX_LANGUAGE_STANDARD = "gnu++20";
				CLANG_ENABLE_MODULES = YES;
				CLANG_ENABLE_OBJC_ARC = YES;
				CLANG_ENABLE_OBJC_WEAK = YES;
				CLANG_WARN_BLOCK_CAPTURE_AUTORELEASING = YES;
				CLANG_WARN_BOOL_CONVERSION = YES;
				CLANG_WARN_COMMA = YES;
				CLANG_WARN_CONSTANT_CONVERSION = YES;
				CLANG_WARN_DEPRECATED_OBJC_IMPLEMENTATIONS = YES;
				CLANG_WARN_DIRECT_OBJC_ISA_USAGE = YES_ERROR;
				CLANG_WARN_DOCUMENTATION_COMMENTS = YES;
				CLANG_WARN_EMPTY_BODY = YES;
				CLANG_WARN_ENUM_CONVERSION = YES;
				CLANG_WARN_INFINITE_RECURSION = YES;
				CLANG_WARN_INT_CONVERSION = YES;
				CLANG_WARN_NON_LITERAL_NULL_CONVERSION = YES;
				CLANG_WARN_OBJC_IMPLICIT_RETAIN_SELF = YES;
				CLANG_WARN_OBJC_LITERAL_CONVERSION = YES;
				CLANG_WARN_OBJC_ROOT_CLASS = YES_ERROR;
				CLANG_WARN_QUOTED_INCLUDE_IN_FRAMEWORK_HEADER = YES;
				CLANG_WARN_RANGE_LOOP_ANALYSIS = YES;
				CLANG_WARN_STRICT_PROTOTYPES = YES;
				CLANG_WARN_SUSPICIOUS_MOVE = YES;
				CLANG_WARN_UNGUARDED_AVAILABILITY = YES_AGGRESSIVE;
				CLANG_WARN_UNREACHABLE_CODE = YES;
				CLANG_WARN__DUPLICATE_METHOD_MATCH = YES;
				COPY_PHASE_STRIP = NO;
				DEBUG_INFORMATION_FORMAT = dwarf;
				ENABLE_STRICT_OBJC_MSGSEND = YES;
				ENABLE_TESTABILITY = YES;
				GCC_C_LANGUAGE_STANDARD = gnu11;
				GCC_DYNAMIC_NO_PIC = NO;
				GCC_NO_COMMON_BLOCKS = YES;
				GCC_OPTIMIZATION_LEVEL = 0;
				GCC_PREPROCESSOR_DEFINITIONS = (
					"DEBUG=1",
					"$(inherited)",
				);
				GCC_WARN_64_TO_32_BIT_CONVERSION = YES;
				GCC_WARN_ABOUT_RETURN_TYPE = YES_ERROR;
				GCC_WARN_UNDECLARED_SELECTOR = YES;
				GCC_WARN_UNINITIALIZED_AUTOS = YES_AGGRESSIVE;
				GCC_WARN_UNUSED_FUNCTION = YES;
				GCC_WARN_UNUSED_VARIABLE = YES;
				MACOSX_DEPLOYMENT_TARGET = 13.1;
				MTL_ENABLE_DEBUG_INFO = INCLUDE_SOURCE;
				MTL_FAST_MATH = YES;
				ONLY_ACTIVE_ARCH = YES;
				SDKROOT = macosx;
				SWIFT_ACTIVE_COMPILATION_CONDITIONS = DEBUG;
				SWIFT_OPTIMIZATION_LEVEL = "-Onone";
			};
			name = Debug;
		};
		3A42D8C629AD9E1E008AFBCE /* Release */ = {
			isa = XCBuildConfiguration;
			buildSettings = {
				ALWAYS_SEARCH_USER_PATHS = NO;
				CLANG_ANALYZER_NONNULL = YES;
				CLANG_ANALYZER_NUMBER_OBJECT_CONVERSION = YES_AGGRESSIVE;
				CLANG_CXX_LANGUAGE_STANDARD = "gnu++20";
				CLANG_ENABLE_MODULES = YES;
				CLANG_ENABLE_OBJC_ARC = YES;
				CLANG_ENABLE_OBJC_WEAK = YES;
				CLANG_WARN_BLOCK_CAPTURE_AUTORELEASING = YES;
				CLANG_WARN_BOOL_CONVERSION = YES;
				CLANG_WARN_COMMA = YES;
				CLANG_WARN_CONSTANT_CONVERSION = YES;
				CLANG_WARN_DEPRECATED_OBJC_IMPLEMENTATIONS = YES;
				CLANG_WARN_DIRECT_OBJC_ISA_USAGE = YES_ERROR;
				CLANG_WARN_DOCUMENTATION_COMMENTS = YES;
				CLANG_WARN_EMPTY_BODY = YES;
				CLANG_WARN_ENUM_CONVERSION = YES;
				CLANG_WARN_INFINITE_RECURSION = YES;
				CLANG_WARN_INT_CONVERSION = YES;
				CLANG_WARN_NON_LITERAL_NULL_CONVERSION = YES;
				CLANG_WARN_OBJC_IMPLICIT_RETAIN_SELF = YES;
				CLANG_WARN_OBJC_LITERAL_CONVERSION = YES;
				CLANG_WARN_OBJC_ROOT_CLASS = YES_ERROR;
				CLANG_WARN_QUOTED_INCLUDE_IN_FRAMEWORK_HEADER = YES;
				CLANG_WARN_RANGE_LOOP_ANALYSIS = YES;
				CLANG_WARN_STRICT_PROTOTYPES = YES;
				CLANG_WARN_SUSPICIOUS_MOVE = YES;
				CLANG_WARN_UNGUARDED_AVAILABILITY = YES_AGGRESSIVE;
				CLANG_WARN_UNREACHABLE_CODE = YES;
				CLANG_WARN__DUPLICATE_METHOD_MATCH = YES;
				COPY_PHASE_STRIP = NO;
				DEBUG_INFORMATION_FORMAT = "dwarf-with-dsym";
				ENABLE_NS_ASSERTIONS = NO;
				ENABLE_STRICT_OBJC_MSGSEND = YES;
				GCC_C_LANGUAGE_STANDARD = gnu11;
				GCC_NO_COMMON_BLOCKS = YES;
				GCC_WARN_64_TO_32_BIT_CONVERSION = YES;
				GCC_WARN_ABOUT_RETURN_TYPE = YES_ERROR;
				GCC_WARN_UNDECLARED_SELECTOR = YES;
				GCC_WARN_UNINITIALIZED_AUTOS = YES_AGGRESSIVE;
				GCC_WARN_UNUSED_FUNCTION = YES;
				GCC_WARN_UNUSED_VARIABLE = YES;
				MACOSX_DEPLOYMENT_TARGET = 13.1;
				MTL_ENABLE_DEBUG_INFO = NO;
				MTL_FAST_MATH = YES;
				SDKROOT = macosx;
				SWIFT_COMPILATION_MODE = wholemodule;
				SWIFT_OPTIMIZATION_LEVEL = "-O";
			};
			name = Release;
		};
		3A42D8C829AD9E1E008AFBCE /* Debug */ = {
			isa = XCBuildConfiguration;
			buildSettings = {
				CODE_SIGN_STYLE = Automatic;
				DEVELOPMENT_TEAM = 7SU4KK4G7H;
				ENABLE_HARDENED_RUNTIME = YES;
				PRODUCT_NAME = "$(TARGET_NAME)";
				SWIFT_VERSION = 5.0;
			};
			name = Debug;
		};
		3A42D8C929AD9E1E008AFBCE /* Release */ = {
			isa = XCBuildConfiguration;
			buildSettings = {
				CODE_SIGN_STYLE = Automatic;
				DEVELOPMENT_TEAM = 7SU4KK4G7H;
				ENABLE_HARDENED_RUNTIME = YES;
				PRODUCT_NAME = "$(TARGET_NAME)";
				SWIFT_VERSION = 5.0;
			};
			name = Release;
		};
/* End XCBuildConfiguration section */

/* Begin XCConfigurationList section */
		3A42D8BB29AD9E1E008AFBCE /* Build configuration list for PBXProject "0706012110031-Nuzulul Salsabila-AFL 1" */ = {
			isa = XCConfigurationList;
			buildConfigurations = (
				3A42D8C529AD9E1E008AFBCE /* Debug */,
				3A42D8C629AD9E1E008AFBCE /* Release */,
			);
			defaultConfigurationIsVisible = 0;
			defaultConfigurationName = Release;
		};
		3A42D8C729AD9E1E008AFBCE /* Build configuration list for PBXNativeTarget "0706012110031-Nuzulul Salsabila-AFL 1" */ = {
			isa = XCConfigurationList;
			buildConfigurations = (
				3A42D8C829AD9E1E008AFBCE /* Debug */,
				3A42D8C929AD9E1E008AFBCE /* Release */,
			);
			defaultConfigurationIsVisible = 0;
			defaultConfigurationName = Release;
		};
/* End XCConfigurationList section */
	};
	rootObject = 3A42D8B829AD9E1E008AFBCE /* Project object */;
}
